
Microsoft Visual Studio Solution File, Format Version 12.00
# Visual Studio Version 16
VisualStudioVersion = 16.0.31424.327
MinimumVisualStudioVersion = 10.0.40219.1
Project("{2150E333-8FDC-42A3-9474-1A3956D46DE8}") = "1 - Services", "1 - Services", "{4DE4172E-8CDF-4596-AD17-C1116C6868C6}"
EndProject
Project("{2150E333-8FDC-42A3-9474-1A3956D46DE8}") = "2 - Application", "2 - Application", "{2339CA29-4B1D-4203-AAA9-62117825C0CA}"
EndProject
Project("{2150E333-8FDC-42A3-9474-1A3956D46DE8}") = "3 - Domain", "3 - Domain", "{82E0B08B-3489-40DB-A1CA-18994410F4EE}"
EndProject
Project("{2150E333-8FDC-42A3-9474-1A3956D46DE8}") = "4 - InfraStructure", "4 - InfraStructure", "{4FEAE1B0-5082-4A9A-8E00-BC94F5B99CFB}"
EndProject
Project("{2150E333-8FDC-42A3-9474-1A3956D46DE8}") = "5 - Tests", "5 - Tests", "{54F607C8-D5B3-46EC-92F1-D4B29686832B}"
EndProject
Project("{FAE04EC0-301F-11D3-BF4B-00C04F79EFBC}") = "ProjetoClientes.Services", "ProjetoClientes.Services\ProjetoClientes.Services.csproj", "{B2BB7BAC-0B68-4F6E-903F-CDC907CAA396}"
EndProject
Project("{FAE04EC0-301F-11D3-BF4B-00C04F79EFBC}") = "ProjetoClientes.Test", "ProjetoClientes.Test\ProjetoClientes.Test.csproj", "{5875CEF3-B133-4DEC-BCCC-8E628BCE40DF}"
EndProject
Project("{FAE04EC0-301F-11D3-BF4B-00C04F79EFBC}") = "ProjetoClientes.Domain", "ProjetoClientes.Domain\ProjetoClientes.Domain.csproj", "{6A3C6140-05F7-47F8-A01E-459CDD577E58}"
EndProject
Project("{FAE04EC0-301F-11D3-BF4B-00C04F79EFBC}") = "ProjetoClientes.Infra.Repository", "ProjetoClientes.Infra.Repository\ProjetoClientes.Infra.Repository.csproj", "{01EEDBA3-FB88-4EA2-847B-5117A757B35F}"
EndProject
Global
	GlobalSection(SolutionConfigurationPlatforms) = preSolution
		Debug|Any CPU = Debug|Any CPU
		Release|Any CPU = Release|Any CPU
	EndGlobalSection
	GlobalSection(ProjectConfigurationPlatforms) = postSolution
		{B2BB7BAC-0B68-4F6E-903F-CDC907CAA396}.Debug|Any CPU.ActiveCfg = Debug|Any CPU
		{B2BB7BAC-0B68-4F6E-903F-CDC907CAA396}.Debug|Any CPU.Build.0 = Debug|Any CPU
		{B2BB7BAC-0B68-4F6E-903F-CDC907CAA396}.Release|Any CPU.ActiveCfg = Release|Any CPU
		{B2BB7BAC-0B68-4F6E-903F-CDC907CAA396}.Release|Any CPU.Build.0 = Release|Any CPU
		{5875CEF3-B133-4DEC-BCCC-8E628BCE40DF}.Debug|Any CPU.ActiveCfg = Debug|Any CPU
		{5875CEF3-B133-4DEC-BCCC-8E628BCE40DF}.Debug|Any CPU.Build.0 = Debug|Any CPU
		{5875CEF3-B133-4DEC-BCCC-8E628BCE40DF}.Release|Any CPU.ActiveCfg = Release|Any CPU
		{5875CEF3-B133-4DEC-BCCC-8E628BCE40DF}.Release|Any CPU.Build.0 = Release|Any CPU
		{6A3C6140-05F7-47F8-A01E-459CDD577E58}.Debug|Any CPU.ActiveCfg = Debug|Any CPU
		{6A3C6140-05F7-47F8-A01E-459CDD577E58}.Debug|Any CPU.Build.0 = Debug|Any CPU
		{6A3C6140-05F7-47F8-A01E-459CDD577E58}.Release|Any CPU.ActiveCfg = Release|Any CPU
		{6A3C6140-05F7-47F8-A01E-459CDD577E58}.Release|Any CPU.Build.0 = Release|Any CPU
		{01EEDBA3-FB88-4EA2-847B-5117A757B35F}.Debug|Any CPU.ActiveCfg = Debug|Any CPU
		{01EEDBA3-FB88-4EA2-847B-5117A757B35F}.Debug|Any CPU.Build.0 = Debug|Any CPU
		{01EEDBA3-FB88-4EA2-847B-5117A757B35F}.Release|Any CPU.ActiveCfg = Release|Any CPU
		{01EEDBA3-FB88-4EA2-847B-5117A757B35F}.Release|Any CPU.Build.0 = Release|Any CPU
	EndGlobalSection
	GlobalSection(SolutionProperties) = preSolution
		HideSolutionNode = FALSE
	EndGlobalSection
	GlobalSection(NestedProjects) = preSolution
		{B2BB7BAC-0B68-4F6E-903F-CDC907CAA396} = {4DE4172E-8CDF-4596-AD17-C1116C6868C6}
		{5875CEF3-B133-4DEC-BCCC-8E628BCE40DF} = {54F607C8-D5B3-46EC-92F1-D4B29686832B}
		{6A3C6140-05F7-47F8-A01E-459CDD577E58} = {82E0B08B-3489-40DB-A1CA-18994410F4EE}
		{01EEDBA3-FB88-4EA2-847B-5117A757B35F} = {4FEAE1B0-5082-4A9A-8E00-BC94F5B99CFB}
	EndGlobalSection
	GlobalSection(ExtensibilityGlobals) = postSolution
		SolutionGuid = {9E03513E-3701-4622-BC1F-FF4887E36F64}
	EndGlobalSection
EndGlobal
